// !$*UTF8*$!
{
	archiveVersion = 1;
	classes = {
	};
	objectVersion = 55;
	objects = {

/* Begin PBXBuildFile section */
		61C9989775EEEA4CC93E888F /* Pods_AlamofireMarvel_AlamofireMarvelUITests.framework in Frameworks */ = {isa = PBXBuildFile; fileRef = 6A141F13BA2617903E73F88A /* Pods_AlamofireMarvel_AlamofireMarvelUITests.framework */; };
		B1F74A6CE57CD499239F229D /* Pods_AlamofireMarvelTests.framework in Frameworks */ = {isa = PBXBuildFile; fileRef = 234FAD3A4B1DC200CD32A573 /* Pods_AlamofireMarvelTests.framework */; };
		C9B3221F186183C5749BAB12 /* Pods_AlamofireMarvel.framework in Frameworks */ = {isa = PBXBuildFile; fileRef = 73F5C003602CCDD51A5779F7 /* Pods_AlamofireMarvel.framework */; };
		D92988F7283F6DE400C7C8C3 /* String+Ext.swift in Sources */ = {isa = PBXBuildFile; fileRef = D92988F6283F6DE400C7C8C3 /* String+Ext.swift */; };
		D92988F9283F6E2900C7C8C3 /* Date+Ext.swift in Sources */ = {isa = PBXBuildFile; fileRef = D92988F8283F6E2900C7C8C3 /* Date+Ext.swift */; };
		D92988FC283F7B1500C7C8C3 /* NetworkProvider.swift in Sources */ = {isa = PBXBuildFile; fileRef = D92988FB283F7B1500C7C8C3 /* NetworkProvider.swift */; };
		D92988FE283F9E1700C7C8C3 /* Characters.swift in Sources */ = {isa = PBXBuildFile; fileRef = D92988FD283F9E1700C7C8C3 /* Characters.swift */; };
		D9298900283FC99C00C7C8C3 /* MarvelAPI.swift in Sources */ = {isa = PBXBuildFile; fileRef = D92988FF283FC99C00C7C8C3 /* MarvelAPI.swift */; };
		D9298902283FCF7C00C7C8C3 /* Comic.swift in Sources */ = {isa = PBXBuildFile; fileRef = D9298901283FCF7C00C7C8C3 /* Comic.swift */; };
		D9298904283FD4BE00C7C8C3 /* UIView+Ext.swift in Sources */ = {isa = PBXBuildFile; fileRef = D9298903283FD4BE00C7C8C3 /* UIView+Ext.swift */; };
		D9298906283FD6AD00C7C8C3 /* ModelDelegate.swift in Sources */ = {isa = PBXBuildFile; fileRef = D9298905283FD6AD00C7C8C3 /* ModelDelegate.swift */; };
		D9298909283FDBBE00C7C8C3 /* CharacterTableViewCell.swift in Sources */ = {isa = PBXBuildFile; fileRef = D9298908283FDBBE00C7C8C3 /* CharacterTableViewCell.swift */; };
		D929890B2840303D00C7C8C3 /* DetailViewController.swift in Sources */ = {isa = PBXBuildFile; fileRef = D929890A2840303D00C7C8C3 /* DetailViewController.swift */; };
		D930BFB4283ED8BE007EFCF8 /* RootView.swift in Sources */ = {isa = PBXBuildFile; fileRef = D930BFB3283ED8BE007EFCF8 /* RootView.swift */; };
		D930BFB7283EE2F9007EFCF8 /* UIColor+Ext.swift in Sources */ = {isa = PBXBuildFile; fileRef = D930BFB6283EE2F9007EFCF8 /* UIColor+Ext.swift */; };
		D930BFBB283EE4D8007EFCF8 /* RootViewDelegate.swift in Sources */ = {isa = PBXBuildFile; fileRef = D930BFBA283EE4D8007EFCF8 /* RootViewDelegate.swift */; };
		D930BFBE283EE5B4007EFCF8 /* RootViewUserIterations.swift in Sources */ = {isa = PBXBuildFile; fileRef = D930BFBD283EE5B4007EFCF8 /* RootViewUserIterations.swift */; };
		D930BFC0283EEB6F007EFCF8 /* Character.swift in Sources */ = {isa = PBXBuildFile; fileRef = D930BFBF283EEB6F007EFCF8 /* Character.swift */; };
		D9396931283ED00A00F45019 /* AppDelegate.swift in Sources */ = {isa = PBXBuildFile; fileRef = D9396930283ED00A00F45019 /* AppDelegate.swift */; };
		D9396933283ED00A00F45019 /* SceneDelegate.swift in Sources */ = {isa = PBXBuildFile; fileRef = D9396932283ED00A00F45019 /* SceneDelegate.swift */; };
		D9396935283ED00A00F45019 /* RootController.swift in Sources */ = {isa = PBXBuildFile; fileRef = D9396934283ED00A00F45019 /* RootController.swift */; };
		D9396938283ED00A00F45019 /* Main.storyboard in Resources */ = {isa = PBXBuildFile; fileRef = D9396936283ED00A00F45019 /* Main.storyboard */; };
		D939693A283ED00B00F45019 /* Assets.xcassets in Resources */ = {isa = PBXBuildFile; fileRef = D9396939283ED00B00F45019 /* Assets.xcassets */; };
		D939693D283ED00B00F45019 /* LaunchScreen.storyboard in Resources */ = {isa = PBXBuildFile; fileRef = D939693B283ED00B00F45019 /* LaunchScreen.storyboard */; };
		D9396948283ED00B00F45019 /* AlamofireMarvelTests.swift in Sources */ = {isa = PBXBuildFile; fileRef = D9396947283ED00B00F45019 /* AlamofireMarvelTests.swift */; };
		D9396952283ED00B00F45019 /* AlamofireMarvelUITests.swift in Sources */ = {isa = PBXBuildFile; fileRef = D9396951283ED00B00F45019 /* AlamofireMarvelUITests.swift */; };
		D9396954283ED00B00F45019 /* AlamofireMarvelUITestsLaunchTests.swift in Sources */ = {isa = PBXBuildFile; fileRef = D9396953283ED00B00F45019 /* AlamofireMarvelUITestsLaunchTests.swift */; };
		D9477F122840C04D003FE1E8 /* DetailView.swift in Sources */ = {isa = PBXBuildFile; fileRef = D9477F112840C04D003FE1E8 /* DetailView.swift */; };
		D9477F1428414143003FE1E8 /* NetworkProviderDelegate.swift in Sources */ = {isa = PBXBuildFile; fileRef = D9477F1328414143003FE1E8 /* NetworkProviderDelegate.swift */; };
		D9477F17284141FC003FE1E8 /* NetworkProviderErrorHandler.swift in Sources */ = {isa = PBXBuildFile; fileRef = D9477F16284141FC003FE1E8 /* NetworkProviderErrorHandler.swift */; };
/* End PBXBuildFile section */

/* Begin PBXContainerItemProxy section */
		D9396944283ED00B00F45019 /* PBXContainerItemProxy */ = {
			isa = PBXContainerItemProxy;
			containerPortal = D9396925283ED00A00F45019 /* Project object */;
			proxyType = 1;
			remoteGlobalIDString = D939692C283ED00A00F45019;
			remoteInfo = AlamofireMarvel;
		};
		D939694E283ED00B00F45019 /* PBXContainerItemProxy */ = {
			isa = PBXContainerItemProxy;
			containerPortal = D9396925283ED00A00F45019 /* Project object */;
			proxyType = 1;
			remoteGlobalIDString = D939692C283ED00A00F45019;
			remoteInfo = AlamofireMarvel;
		};
/* End PBXContainerItemProxy section */

/* Begin PBXFileReference section */
		066B1658B5150EF40337D938 /* Pods-AlamofireMarvel-AlamofireMarvelUITests.debug.xcconfig */ = {isa = PBXFileReference; includeInIndex = 1; lastKnownFileType = text.xcconfig; name = "Pods-AlamofireMarvel-AlamofireMarvelUITests.debug.xcconfig"; path = "Target Support Files/Pods-AlamofireMarvel-AlamofireMarvelUITests/Pods-AlamofireMarvel-AlamofireMarvelUITests.debug.xcconfig"; sourceTree = "<group>"; };
		234FAD3A4B1DC200CD32A573 /* Pods_AlamofireMarvelTests.framework */ = {isa = PBXFileReference; explicitFileType = wrapper.framework; includeInIndex = 0; path = Pods_AlamofireMarvelTests.framework; sourceTree = BUILT_PRODUCTS_DIR; };
		4536CBF1E80822A500526D8E /* Pods-AlamofireMarvelTests.debug.xcconfig */ = {isa = PBXFileReference; includeInIndex = 1; lastKnownFileType = text.xcconfig; name = "Pods-AlamofireMarvelTests.debug.xcconfig"; path = "Target Support Files/Pods-AlamofireMarvelTests/Pods-AlamofireMarvelTests.debug.xcconfig"; sourceTree = "<group>"; };
		6A141F13BA2617903E73F88A /* Pods_AlamofireMarvel_AlamofireMarvelUITests.framework */ = {isa = PBXFileReference; explicitFileType = wrapper.framework; includeInIndex = 0; path = Pods_AlamofireMarvel_AlamofireMarvelUITests.framework; sourceTree = BUILT_PRODUCTS_DIR; };
		73F5C003602CCDD51A5779F7 /* Pods_AlamofireMarvel.framework */ = {isa = PBXFileReference; explicitFileType = wrapper.framework; includeInIndex = 0; path = Pods_AlamofireMarvel.framework; sourceTree = BUILT_PRODUCTS_DIR; };
		782154F4A5F765D94CF2D149 /* Pods-AlamofireMarvel.debug.xcconfig */ = {isa = PBXFileReference; includeInIndex = 1; lastKnownFileType = text.xcconfig; name = "Pods-AlamofireMarvel.debug.xcconfig"; path = "Target Support Files/Pods-AlamofireMarvel/Pods-AlamofireMarvel.debug.xcconfig"; sourceTree = "<group>"; };
		78DFC95DB31DC46C566E8F27 /* Pods-AlamofireMarvel.release.xcconfig */ = {isa = PBXFileReference; includeInIndex = 1; lastKnownFileType = text.xcconfig; name = "Pods-AlamofireMarvel.release.xcconfig"; path = "Target Support Files/Pods-AlamofireMarvel/Pods-AlamofireMarvel.release.xcconfig"; sourceTree = "<group>"; };
		7911F80A8081F0298B40ECC1 /* Pods-AlamofireMarvel-AlamofireMarvelUITests.release.xcconfig */ = {isa = PBXFileReference; includeInIndex = 1; lastKnownFileType = text.xcconfig; name = "Pods-AlamofireMarvel-AlamofireMarvelUITests.release.xcconfig"; path = "Target Support Files/Pods-AlamofireMarvel-AlamofireMarvelUITests/Pods-AlamofireMarvel-AlamofireMarvelUITests.release.xcconfig"; sourceTree = "<group>"; };
		D92988F6283F6DE400C7C8C3 /* String+Ext.swift */ = {isa = PBXFileReference; lastKnownFileType = sourcecode.swift; path = "String+Ext.swift"; sourceTree = "<group>"; };
		D92988F8283F6E2900C7C8C3 /* Date+Ext.swift */ = {isa = PBXFileReference; lastKnownFileType = sourcecode.swift; path = "Date+Ext.swift"; sourceTree = "<group>"; };
		D92988FB283F7B1500C7C8C3 /* NetworkProvider.swift */ = {isa = PBXFileReference; lastKnownFileType = sourcecode.swift; path = NetworkProvider.swift; sourceTree = "<group>"; };
		D92988FD283F9E1700C7C8C3 /* Characters.swift */ = {isa = PBXFileReference; lastKnownFileType = sourcecode.swift; path = Characters.swift; sourceTree = "<group>"; };
		D92988FF283FC99C00C7C8C3 /* MarvelAPI.swift */ = {isa = PBXFileReference; lastKnownFileType = sourcecode.swift; path = MarvelAPI.swift; sourceTree = "<group>"; };
		D9298901283FCF7C00C7C8C3 /* Comic.swift */ = {isa = PBXFileReference; lastKnownFileType = sourcecode.swift; path = Comic.swift; sourceTree = "<group>"; };
		D9298903283FD4BE00C7C8C3 /* UIView+Ext.swift */ = {isa = PBXFileReference; lastKnownFileType = sourcecode.swift; path = "UIView+Ext.swift"; sourceTree = "<group>"; };
		D9298905283FD6AD00C7C8C3 /* ModelDelegate.swift */ = {isa = PBXFileReference; lastKnownFileType = sourcecode.swift; path = ModelDelegate.swift; sourceTree = "<group>"; };
		D9298908283FDBBE00C7C8C3 /* CharacterTableViewCell.swift */ = {isa = PBXFileReference; lastKnownFileType = sourcecode.swift; path = CharacterTableViewCell.swift; sourceTree = "<group>"; };
		D929890A2840303D00C7C8C3 /* DetailViewController.swift */ = {isa = PBXFileReference; lastKnownFileType = sourcecode.swift; path = DetailViewController.swift; sourceTree = "<group>"; };
		D930BFB3283ED8BE007EFCF8 /* RootView.swift */ = {isa = PBXFileReference; lastKnownFileType = sourcecode.swift; path = RootView.swift; sourceTree = "<group>"; };
		D930BFB6283EE2F9007EFCF8 /* UIColor+Ext.swift */ = {isa = PBXFileReference; lastKnownFileType = sourcecode.swift; path = "UIColor+Ext.swift"; sourceTree = "<group>"; };
		D930BFBA283EE4D8007EFCF8 /* RootViewDelegate.swift */ = {isa = PBXFileReference; lastKnownFileType = sourcecode.swift; path = RootViewDelegate.swift; sourceTree = "<group>"; };
		D930BFBD283EE5B4007EFCF8 /* RootViewUserIterations.swift */ = {isa = PBXFileReference; lastKnownFileType = sourcecode.swift; path = RootViewUserIterations.swift; sourceTree = "<group>"; };
		D930BFBF283EEB6F007EFCF8 /* Character.swift */ = {isa = PBXFileReference; lastKnownFileType = sourcecode.swift; path = Character.swift; sourceTree = "<group>"; };
		D939692D283ED00A00F45019 /* AlamofireMarvel.app */ = {isa = PBXFileReference; explicitFileType = wrapper.application; includeInIndex = 0; path = AlamofireMarvel.app; sourceTree = BUILT_PRODUCTS_DIR; };
		D9396930283ED00A00F45019 /* AppDelegate.swift */ = {isa = PBXFileReference; lastKnownFileType = sourcecode.swift; path = AppDelegate.swift; sourceTree = "<group>"; };
		D9396932283ED00A00F45019 /* SceneDelegate.swift */ = {isa = PBXFileReference; lastKnownFileType = sourcecode.swift; path = SceneDelegate.swift; sourceTree = "<group>"; };
		D9396934283ED00A00F45019 /* RootController.swift */ = {isa = PBXFileReference; lastKnownFileType = sourcecode.swift; path = RootController.swift; sourceTree = "<group>"; };
		D9396937283ED00A00F45019 /* Base */ = {isa = PBXFileReference; lastKnownFileType = file.storyboard; name = Base; path = Base.lproj/Main.storyboard; sourceTree = "<group>"; };
		D9396939283ED00B00F45019 /* Assets.xcassets */ = {isa = PBXFileReference; lastKnownFileType = folder.assetcatalog; path = Assets.xcassets; sourceTree = "<group>"; };
		D939693C283ED00B00F45019 /* Base */ = {isa = PBXFileReference; lastKnownFileType = file.storyboard; name = Base; path = Base.lproj/LaunchScreen.storyboard; sourceTree = "<group>"; };
		D939693E283ED00B00F45019 /* Info.plist */ = {isa = PBXFileReference; lastKnownFileType = text.plist.xml; path = Info.plist; sourceTree = "<group>"; };
		D9396943283ED00B00F45019 /* AlamofireMarvelTests.xctest */ = {isa = PBXFileReference; explicitFileType = wrapper.cfbundle; includeInIndex = 0; path = AlamofireMarvelTests.xctest; sourceTree = BUILT_PRODUCTS_DIR; };
		D9396947283ED00B00F45019 /* AlamofireMarvelTests.swift */ = {isa = PBXFileReference; lastKnownFileType = sourcecode.swift; path = AlamofireMarvelTests.swift; sourceTree = "<group>"; };
		D939694D283ED00B00F45019 /* AlamofireMarvelUITests.xctest */ = {isa = PBXFileReference; explicitFileType = wrapper.cfbundle; includeInIndex = 0; path = AlamofireMarvelUITests.xctest; sourceTree = BUILT_PRODUCTS_DIR; };
		D9396951283ED00B00F45019 /* AlamofireMarvelUITests.swift */ = {isa = PBXFileReference; lastKnownFileType = sourcecode.swift; path = AlamofireMarvelUITests.swift; sourceTree = "<group>"; };
		D9396953283ED00B00F45019 /* AlamofireMarvelUITestsLaunchTests.swift */ = {isa = PBXFileReference; lastKnownFileType = sourcecode.swift; path = AlamofireMarvelUITestsLaunchTests.swift; sourceTree = "<group>"; };
		D9477F112840C04D003FE1E8 /* DetailView.swift */ = {isa = PBXFileReference; lastKnownFileType = sourcecode.swift; path = DetailView.swift; sourceTree = "<group>"; };
		D9477F1328414143003FE1E8 /* NetworkProviderDelegate.swift */ = {isa = PBXFileReference; lastKnownFileType = sourcecode.swift; path = NetworkProviderDelegate.swift; sourceTree = "<group>"; };
		D9477F16284141FC003FE1E8 /* NetworkProviderErrorHandler.swift */ = {isa = PBXFileReference; lastKnownFileType = sourcecode.swift; path = NetworkProviderErrorHandler.swift; sourceTree = "<group>"; };
		E0FDFB413C9E78A18CE2B2A1 /* Pods-AlamofireMarvelTests.release.xcconfig */ = {isa = PBXFileReference; includeInIndex = 1; lastKnownFileType = text.xcconfig; name = "Pods-AlamofireMarvelTests.release.xcconfig"; path = "Target Support Files/Pods-AlamofireMarvelTests/Pods-AlamofireMarvelTests.release.xcconfig"; sourceTree = "<group>"; };
/* End PBXFileReference section */

/* Begin PBXFrameworksBuildPhase section */
		D939692A283ED00A00F45019 /* Frameworks */ = {
			isa = PBXFrameworksBuildPhase;
			buildActionMask = 2147483647;
			files = (
				C9B3221F186183C5749BAB12 /* Pods_AlamofireMarvel.framework in Frameworks */,
			);
			runOnlyForDeploymentPostprocessing = 0;
		};
		D9396940283ED00B00F45019 /* Frameworks */ = {
			isa = PBXFrameworksBuildPhase;
			buildActionMask = 2147483647;
			files = (
				B1F74A6CE57CD499239F229D /* Pods_AlamofireMarvelTests.framework in Frameworks */,
			);
			runOnlyForDeploymentPostprocessing = 0;
		};
		D939694A283ED00B00F45019 /* Frameworks */ = {
			isa = PBXFrameworksBuildPhase;
			buildActionMask = 2147483647;
			files = (
				61C9989775EEEA4CC93E888F /* Pods_AlamofireMarvel_AlamofireMarvelUITests.framework in Frameworks */,
			);
			runOnlyForDeploymentPostprocessing = 0;
		};
/* End PBXFrameworksBuildPhase section */

/* Begin PBXGroup section */
		06C81A4E9AB51B111B11868B /* Pods */ = {
			isa = PBXGroup;
			children = (
				782154F4A5F765D94CF2D149 /* Pods-AlamofireMarvel.debug.xcconfig */,
				78DFC95DB31DC46C566E8F27 /* Pods-AlamofireMarvel.release.xcconfig */,
				066B1658B5150EF40337D938 /* Pods-AlamofireMarvel-AlamofireMarvelUITests.debug.xcconfig */,
				7911F80A8081F0298B40ECC1 /* Pods-AlamofireMarvel-AlamofireMarvelUITests.release.xcconfig */,
				4536CBF1E80822A500526D8E /* Pods-AlamofireMarvelTests.debug.xcconfig */,
				E0FDFB413C9E78A18CE2B2A1 /* Pods-AlamofireMarvelTests.release.xcconfig */,
			);
			path = Pods;
			sourceTree = "<group>";
		};
		D92988FA283F7AC300C7C8C3 /* Network */ = {
			isa = PBXGroup;
			children = (
				D92988FB283F7B1500C7C8C3 /* NetworkProvider.swift */,
				D9477F15284141B0003FE1E8 /* Protocols */,
			);
			path = Network;
			sourceTree = "<group>";
		};
		D9298907283FDB8C00C7C8C3 /* TableViewCells */ = {
			isa = PBXGroup;
			children = (
				D9298908283FDBBE00C7C8C3 /* CharacterTableViewCell.swift */,
			);
			path = TableViewCells;
			sourceTree = "<group>";
		};
		D930BFB5283EE2C5007EFCF8 /* Extensions */ = {
			isa = PBXGroup;
			children = (
				D930BFB6283EE2F9007EFCF8 /* UIColor+Ext.swift */,
				D92988F6283F6DE400C7C8C3 /* String+Ext.swift */,
				D92988F8283F6E2900C7C8C3 /* Date+Ext.swift */,
				D9298903283FD4BE00C7C8C3 /* UIView+Ext.swift */,
			);
			path = Extensions;
			sourceTree = "<group>";
		};
		D930BFB8283EE492007EFCF8 /* Protocols */ = {
			isa = PBXGroup;
			children = (
				D930BFBD283EE5B4007EFCF8 /* RootViewUserIterations.swift */,
			);
			path = Protocols;
			sourceTree = "<group>";
		};
		D930BFB9283EE49D007EFCF8 /* Protocols */ = {
			isa = PBXGroup;
			children = (
				D930BFBA283EE4D8007EFCF8 /* RootViewDelegate.swift */,
				D9298905283FD6AD00C7C8C3 /* ModelDelegate.swift */,
				D9477F1328414143003FE1E8 /* NetworkProviderDelegate.swift */,
			);
			path = Protocols;
			sourceTree = "<group>";
		};
		D9396924283ED00A00F45019 = {
			isa = PBXGroup;
			children = (
				D939692F283ED00A00F45019 /* AlamofireMarvel */,
				D9396946283ED00B00F45019 /* AlamofireMarvelTests */,
				D9396950283ED00B00F45019 /* AlamofireMarvelUITests */,
				D939692E283ED00A00F45019 /* Products */,
				06C81A4E9AB51B111B11868B /* Pods */,
				F61347FD3F0D3E5FB32AE7A4 /* Frameworks */,
			);
			sourceTree = "<group>";
		};
		D939692E283ED00A00F45019 /* Products */ = {
			isa = PBXGroup;
			children = (
				D939692D283ED00A00F45019 /* AlamofireMarvel.app */,
				D9396943283ED00B00F45019 /* AlamofireMarvelTests.xctest */,
				D939694D283ED00B00F45019 /* AlamofireMarvelUITests.xctest */,
			);
			name = Products;
			sourceTree = "<group>";
		};
		D939692F283ED00A00F45019 /* AlamofireMarvel */ = {
			isa = PBXGroup;
			children = (
				D9396960283ED34100F45019 /* Sources */,
				D9396961283ED34900F45019 /* Resources */,
			);
			path = AlamofireMarvel;
			sourceTree = "<group>";
		};
		D9396946283ED00B00F45019 /* AlamofireMarvelTests */ = {
			isa = PBXGroup;
			children = (
				D9396947283ED00B00F45019 /* AlamofireMarvelTests.swift */,
			);
			path = AlamofireMarvelTests;
			sourceTree = "<group>";
		};
		D9396950283ED00B00F45019 /* AlamofireMarvelUITests */ = {
			isa = PBXGroup;
			children = (
				D9396951283ED00B00F45019 /* AlamofireMarvelUITests.swift */,
				D9396953283ED00B00F45019 /* AlamofireMarvelUITestsLaunchTests.swift */,
			);
			path = AlamofireMarvelUITests;
			sourceTree = "<group>";
		};
		D9396960283ED34100F45019 /* Sources */ = {
			isa = PBXGroup;
			children = (
				D9396962283ED35400F45019 /* App */,
				D92988FA283F7AC300C7C8C3 /* Network */,
				D9396963283ED35A00F45019 /* Scenes */,
				D930BFB5283EE2C5007EFCF8 /* Extensions */,
			);
			path = Sources;
			sourceTree = "<group>";
		};
		D9396961283ED34900F45019 /* Resources */ = {
			isa = PBXGroup;
			children = (
				D9396936283ED00A00F45019 /* Main.storyboard */,
				D9396939283ED00B00F45019 /* Assets.xcassets */,
				D939693B283ED00B00F45019 /* LaunchScreen.storyboard */,
				D939693E283ED00B00F45019 /* Info.plist */,
			);
			path = Resources;
			sourceTree = "<group>";
		};
		D9396962283ED35400F45019 /* App */ = {
			isa = PBXGroup;
			children = (
				D9396930283ED00A00F45019 /* AppDelegate.swift */,
				D9396932283ED00A00F45019 /* SceneDelegate.swift */,
			);
			path = App;
			sourceTree = "<group>";
		};
		D9396963283ED35A00F45019 /* Scenes */ = {
			isa = PBXGroup;
			children = (
				D9396966283ED38400F45019 /* Controller */,
				D9396965283ED37D00F45019 /* View */,
				D9396964283ED37300F45019 /* Model */,
			);
			path = Scenes;
			sourceTree = "<group>";
		};
		D9396964283ED37300F45019 /* Model */ = {
			isa = PBXGroup;
			children = (
				D92988FF283FC99C00C7C8C3 /* MarvelAPI.swift */,
				D92988FD283F9E1700C7C8C3 /* Characters.swift */,
				D930BFBF283EEB6F007EFCF8 /* Character.swift */,
				D9298901283FCF7C00C7C8C3 /* Comic.swift */,
			);
			path = Model;
			sourceTree = "<group>";
		};
		D9396965283ED37D00F45019 /* View */ = {
			isa = PBXGroup;
			children = (
				D930BFB3283ED8BE007EFCF8 /* RootView.swift */,
				D9477F112840C04D003FE1E8 /* DetailView.swift */,
				D9298907283FDB8C00C7C8C3 /* TableViewCells */,
				D930BFB8283EE492007EFCF8 /* Protocols */,
			);
			path = View;
			sourceTree = "<group>";
		};
		D9396966283ED38400F45019 /* Controller */ = {
			isa = PBXGroup;
			children = (
				D9396934283ED00A00F45019 /* RootController.swift */,
				D929890A2840303D00C7C8C3 /* DetailViewController.swift */,
				D930BFB9283EE49D007EFCF8 /* Protocols */,
			);
			path = Controller;
			sourceTree = "<group>";
		};
		D9477F15284141B0003FE1E8 /* Protocols */ = {
			isa = PBXGroup;
			children = (
				D9477F16284141FC003FE1E8 /* NetworkProviderErrorHandler.swift */,
			);
			path = Protocols;
			sourceTree = "<group>";
		};
		F61347FD3F0D3E5FB32AE7A4 /* Frameworks */ = {
			isa = PBXGroup;
			children = (
				73F5C003602CCDD51A5779F7 /* Pods_AlamofireMarvel.framework */,
				6A141F13BA2617903E73F88A /* Pods_AlamofireMarvel_AlamofireMarvelUITests.framework */,
				234FAD3A4B1DC200CD32A573 /* Pods_AlamofireMarvelTests.framework */,
			);
			name = Frameworks;
			sourceTree = "<group>";
		};
/* End PBXGroup section */

/* Begin PBXNativeTarget section */
		D939692C283ED00A00F45019 /* AlamofireMarvel */ = {
			isa = PBXNativeTarget;
			buildConfigurationList = D9396957283ED00B00F45019 /* Build configuration list for PBXNativeTarget "AlamofireMarvel" */;
			buildPhases = (
				98E1EAEFFB5A22C17495D455 /* [CP] Check Pods Manifest.lock */,
				D9396929283ED00A00F45019 /* Sources */,
				D939692A283ED00A00F45019 /* Frameworks */,
				D939692B283ED00A00F45019 /* Resources */,
				89513F43DD67D72304DEE99E /* [CP] Embed Pods Frameworks */,
			);
			buildRules = (
			);
			dependencies = (
			);
			name = AlamofireMarvel;
			productName = AlamofireMarvel;
			productReference = D939692D283ED00A00F45019 /* AlamofireMarvel.app */;
			productType = "com.apple.product-type.application";
		};
		D9396942283ED00B00F45019 /* AlamofireMarvelTests */ = {
			isa = PBXNativeTarget;
			buildConfigurationList = D939695A283ED00B00F45019 /* Build configuration list for PBXNativeTarget "AlamofireMarvelTests" */;
			buildPhases = (
				49DD63980DCD494D78656BBE /* [CP] Check Pods Manifest.lock */,
				D939693F283ED00B00F45019 /* Sources */,
				D9396940283ED00B00F45019 /* Frameworks */,
				D9396941283ED00B00F45019 /* Resources */,
			);
			buildRules = (
			);
			dependencies = (
				D9396945283ED00B00F45019 /* PBXTargetDependency */,
			);
			name = AlamofireMarvelTests;
			productName = AlamofireMarvelTests;
			productReference = D9396943283ED00B00F45019 /* AlamofireMarvelTests.xctest */;
			productType = "com.apple.product-type.bundle.unit-test";
		};
		D939694C283ED00B00F45019 /* AlamofireMarvelUITests */ = {
			isa = PBXNativeTarget;
			buildConfigurationList = D939695D283ED00B00F45019 /* Build configuration list for PBXNativeTarget "AlamofireMarvelUITests" */;
			buildPhases = (
				539D90151D9C2B39B9C269DD /* [CP] Check Pods Manifest.lock */,
				D9396949283ED00B00F45019 /* Sources */,
				D939694A283ED00B00F45019 /* Frameworks */,
				D939694B283ED00B00F45019 /* Resources */,
				FFECC0A029A677AA03631E64 /* [CP] Embed Pods Frameworks */,
			);
			buildRules = (
			);
			dependencies = (
				D939694F283ED00B00F45019 /* PBXTargetDependency */,
			);
			name = AlamofireMarvelUITests;
			productName = AlamofireMarvelUITests;
			productReference = D939694D283ED00B00F45019 /* AlamofireMarvelUITests.xctest */;
			productType = "com.apple.product-type.bundle.ui-testing";
		};
/* End PBXNativeTarget section */

/* Begin PBXProject section */
		D9396925283ED00A00F45019 /* Project object */ = {
			isa = PBXProject;
			attributes = {
				BuildIndependentTargetsInParallel = 1;
				LastSwiftUpdateCheck = 1330;
				LastUpgradeCheck = 1330;
				TargetAttributes = {
					D939692C283ED00A00F45019 = {
						CreatedOnToolsVersion = 13.3.1;
					};
					D9396942283ED00B00F45019 = {
						CreatedOnToolsVersion = 13.3.1;
						TestTargetID = D939692C283ED00A00F45019;
					};
					D939694C283ED00B00F45019 = {
						CreatedOnToolsVersion = 13.3.1;
						TestTargetID = D939692C283ED00A00F45019;
					};
				};
			};
			buildConfigurationList = D9396928283ED00A00F45019 /* Build configuration list for PBXProject "AlamofireMarvel" */;
			compatibilityVersion = "Xcode 13.0";
			developmentRegion = en;
			hasScannedForEncodings = 0;
			knownRegions = (
				en,
				Base,
			);
			mainGroup = D9396924283ED00A00F45019;
			productRefGroup = D939692E283ED00A00F45019 /* Products */;
			projectDirPath = "";
			projectRoot = "";
			targets = (
				D939692C283ED00A00F45019 /* AlamofireMarvel */,
				D9396942283ED00B00F45019 /* AlamofireMarvelTests */,
				D939694C283ED00B00F45019 /* AlamofireMarvelUITests */,
			);
		};
/* End PBXProject section */

/* Begin PBXResourcesBuildPhase section */
		D939692B283ED00A00F45019 /* Resources */ = {
			isa = PBXResourcesBuildPhase;
			buildActionMask = 2147483647;
			files = (
				D939693D283ED00B00F45019 /* LaunchScreen.storyboard in Resources */,
				D939693A283ED00B00F45019 /* Assets.xcassets in Resources */,
				D9396938283ED00A00F45019 /* Main.storyboard in Resources */,
			);
			runOnlyForDeploymentPostprocessing = 0;
		};
		D9396941283ED00B00F45019 /* Resources */ = {
			isa = PBXResourcesBuildPhase;
			buildActionMask = 2147483647;
			files = (
			);
			runOnlyForDeploymentPostprocessing = 0;
		};
		D939694B283ED00B00F45019 /* Resources */ = {
			isa = PBXResourcesBuildPhase;
			buildActionMask = 2147483647;
			files = (
			);
			runOnlyForDeploymentPostprocessing = 0;
		};
/* End PBXResourcesBuildPhase section */

/* Begin PBXShellScriptBuildPhase section */
		49DD63980DCD494D78656BBE /* [CP] Check Pods Manifest.lock */ = {
			isa = PBXShellScriptBuildPhase;
			buildActionMask = 2147483647;
			files = (
			);
			inputFileListPaths = (
			);
			inputPaths = (
				"${PODS_PODFILE_DIR_PATH}/Podfile.lock",
				"${PODS_ROOT}/Manifest.lock",
			);
			name = "[CP] Check Pods Manifest.lock";
			outputFileListPaths = (
			);
			outputPaths = (
				"$(DERIVED_FILE_DIR)/Pods-AlamofireMarvelTests-checkManifestLockResult.txt",
			);
			runOnlyForDeploymentPostprocessing = 0;
			shellPath = /bin/sh;
			shellScript = "diff \"${PODS_PODFILE_DIR_PATH}/Podfile.lock\" \"${PODS_ROOT}/Manifest.lock\" > /dev/null\nif [ $? != 0 ] ; then\n    # print error to STDERR\n    echo \"error: The sandbox is not in sync with the Podfile.lock. Run 'pod install' or update your CocoaPods installation.\" >&2\n    exit 1\nfi\n# This output is used by Xcode 'outputs' to avoid re-running this script phase.\necho \"SUCCESS\" > \"${SCRIPT_OUTPUT_FILE_0}\"\n";
			showEnvVarsInLog = 0;
		};
		539D90151D9C2B39B9C269DD /* [CP] Check Pods Manifest.lock */ = {
			isa = PBXShellScriptBuildPhase;
			buildActionMask = 2147483647;
			files = (
			);
			inputFileListPaths = (
			);
			inputPaths = (
				"${PODS_PODFILE_DIR_PATH}/Podfile.lock",
				"${PODS_ROOT}/Manifest.lock",
			);
			name = "[CP] Check Pods Manifest.lock";
			outputFileListPaths = (
			);
			outputPaths = (
				"$(DERIVED_FILE_DIR)/Pods-AlamofireMarvel-AlamofireMarvelUITests-checkManifestLockResult.txt",
			);
			runOnlyForDeploymentPostprocessing = 0;
			shellPath = /bin/sh;
			shellScript = "diff \"${PODS_PODFILE_DIR_PATH}/Podfile.lock\" \"${PODS_ROOT}/Manifest.lock\" > /dev/null\nif [ $? != 0 ] ; then\n    # print error to STDERR\n    echo \"error: The sandbox is not in sync with the Podfile.lock. Run 'pod install' or update your CocoaPods installation.\" >&2\n    exit 1\nfi\n# This output is used by Xcode 'outputs' to avoid re-running this script phase.\necho \"SUCCESS\" > \"${SCRIPT_OUTPUT_FILE_0}\"\n";
			showEnvVarsInLog = 0;
		};
		89513F43DD67D72304DEE99E /* [CP] Embed Pods Frameworks */ = {
			isa = PBXShellScriptBuildPhase;
			buildActionMask = 2147483647;
			files = (
			);
			inputFileListPaths = (
				"${PODS_ROOT}/Target Support Files/Pods-AlamofireMarvel/Pods-AlamofireMarvel-frameworks-${CONFIGURATION}-input-files.xcfilelist",
			);
			name = "[CP] Embed Pods Frameworks";
			outputFileListPaths = (
				"${PODS_ROOT}/Target Support Files/Pods-AlamofireMarvel/Pods-AlamofireMarvel-frameworks-${CONFIGURATION}-output-files.xcfilelist",
			);
			runOnlyForDeploymentPostprocessing = 0;
			shellPath = /bin/sh;
			shellScript = "\"${PODS_ROOT}/Target Support Files/Pods-AlamofireMarvel/Pods-AlamofireMarvel-frameworks.sh\"\n";
			showEnvVarsInLog = 0;
		};
		98E1EAEFFB5A22C17495D455 /* [CP] Check Pods Manifest.lock */ = {
			isa = PBXShellScriptBuildPhase;
			buildActionMask = 2147483647;
			files = (
			);
			inputFileListPaths = (
			);
			inputPaths = (
				"${PODS_PODFILE_DIR_PATH}/Podfile.lock",
				"${PODS_ROOT}/Manifest.lock",
			);
			name = "[CP] Check Pods Manifest.lock";
			outputFileListPaths = (
			);
			outputPaths = (
				"$(DERIVED_FILE_DIR)/Pods-AlamofireMarvel-checkManifestLockResult.txt",
			);
			runOnlyForDeploymentPostprocessing = 0;
			shellPath = /bin/sh;
			shellScript = "diff \"${PODS_PODFILE_DIR_PATH}/Podfile.lock\" \"${PODS_ROOT}/Manifest.lock\" > /dev/null\nif [ $? != 0 ] ; then\n    # print error to STDERR\n    echo \"error: The sandbox is not in sync with the Podfile.lock. Run 'pod install' or update your CocoaPods installation.\" >&2\n    exit 1\nfi\n# This output is used by Xcode 'outputs' to avoid re-running this script phase.\necho \"SUCCESS\" > \"${SCRIPT_OUTPUT_FILE_0}\"\n";
			showEnvVarsInLog = 0;
		};
		FFECC0A029A677AA03631E64 /* [CP] Embed Pods Frameworks */ = {
			isa = PBXShellScriptBuildPhase;
			buildActionMask = 2147483647;
			files = (
			);
			inputFileListPaths = (
				"${PODS_ROOT}/Target Support Files/Pods-AlamofireMarvel-AlamofireMarvelUITests/Pods-AlamofireMarvel-AlamofireMarvelUITests-frameworks-${CONFIGURATION}-input-files.xcfilelist",
			);
			name = "[CP] Embed Pods Frameworks";
			outputFileListPaths = (
				"${PODS_ROOT}/Target Support Files/Pods-AlamofireMarvel-AlamofireMarvelUITests/Pods-AlamofireMarvel-AlamofireMarvelUITests-frameworks-${CONFIGURATION}-output-files.xcfilelist",
			);
			runOnlyForDeploymentPostprocessing = 0;
			shellPath = /bin/sh;
			shellScript = "\"${PODS_ROOT}/Target Support Files/Pods-AlamofireMarvel-AlamofireMarvelUITests/Pods-AlamofireMarvel-AlamofireMarvelUITests-frameworks.sh\"\n";
			showEnvVarsInLog = 0;
		};
/* End PBXShellScriptBuildPhase section */

/* Begin PBXSourcesBuildPhase section */
		D9396929283ED00A00F45019 /* Sources */ = {
			isa = PBXSourcesBuildPhase;
			buildActionMask = 2147483647;
			files = (
				D9477F1428414143003FE1E8 /* NetworkProviderDelegate.swift in Sources */,
				D930BFBE283EE5B4007EFCF8 /* RootViewUserIterations.swift in Sources */,
				D930BFB4283ED8BE007EFCF8 /* RootView.swift in Sources */,
				D9298904283FD4BE00C7C8C3 /* UIView+Ext.swift in Sources */,
				D9396935283ED00A00F45019 /* RootController.swift in Sources */,
				D9298900283FC99C00C7C8C3 /* MarvelAPI.swift in Sources */,
				D930BFB7283EE2F9007EFCF8 /* UIColor+Ext.swift in Sources */,
				D9396931283ED00A00F45019 /* AppDelegate.swift in Sources */,
				D9298909283FDBBE00C7C8C3 /* CharacterTableViewCell.swift in Sources */,
				D9477F17284141FC003FE1E8 /* NetworkProviderErrorHandler.swift in Sources */,
				D92988F7283F6DE400C7C8C3 /* String+Ext.swift in Sources */,
				D929890B2840303D00C7C8C3 /* DetailViewController.swift in Sources */,
				D9396933283ED00A00F45019 /* SceneDelegate.swift in Sources */,
				D92988FE283F9E1700C7C8C3 /* Characters.swift in Sources */,
				D9298902283FCF7C00C7C8C3 /* Comic.swift in Sources */,
				D92988FC283F7B1500C7C8C3 /* NetworkProvider.swift in Sources */,
				D930BFBB283EE4D8007EFCF8 /* RootViewDelegate.swift in Sources */,
				D930BFC0283EEB6F007EFCF8 /* Character.swift in Sources */,
				D9477F122840C04D003FE1E8 /* DetailView.swift in Sources */,
				D9298906283FD6AD00C7C8C3 /* ModelDelegate.swift in Sources */,
				D92988F9283F6E2900C7C8C3 /* Date+Ext.swift in Sources */,
			);
			runOnlyForDeploymentPostprocessing = 0;
		};
		D939693F283ED00B00F45019 /* Sources */ = {
			isa = PBXSourcesBuildPhase;
			buildActionMask = 2147483647;
			files = (
				D9396948283ED00B00F45019 /* AlamofireMarvelTests.swift in Sources */,
			);
			runOnlyForDeploymentPostprocessing = 0;
		};
		D9396949283ED00B00F45019 /* Sources */ = {
			isa = PBXSourcesBuildPhase;
			buildActionMask = 2147483647;
			files = (
				D9396954283ED00B00F45019 /* AlamofireMarvelUITestsLaunchTests.swift in Sources */,
				D9396952283ED00B00F45019 /* AlamofireMarvelUITests.swift in Sources */,
			);
			runOnlyForDeploymentPostprocessing = 0;
		};
/* End PBXSourcesBuildPhase section */

/* Begin PBXTargetDependency section */
		D9396945283ED00B00F45019 /* PBXTargetDependency */ = {
			isa = PBXTargetDependency;
			target = D939692C283ED00A00F45019 /* AlamofireMarvel */;
			targetProxy = D9396944283ED00B00F45019 /* PBXContainerItemProxy */;
		};
		D939694F283ED00B00F45019 /* PBXTargetDependency */ = {
			isa = PBXTargetDependency;
			target = D939692C283ED00A00F45019 /* AlamofireMarvel */;
			targetProxy = D939694E283ED00B00F45019 /* PBXContainerItemProxy */;
		};
/* End PBXTargetDependency section */

/* Begin PBXVariantGroup section */
		D9396936283ED00A00F45019 /* Main.storyboard */ = {
			isa = PBXVariantGroup;
			children = (
				D9396937283ED00A00F45019 /* Base */,
			);
			name = Main.storyboard;
			sourceTree = "<group>";
		};
		D939693B283ED00B00F45019 /* LaunchScreen.storyboard */ = {
			isa = PBXVariantGroup;
			children = (
				D939693C283ED00B00F45019 /* Base */,
			);
			name = LaunchScreen.storyboard;
			sourceTree = "<group>";
		};
/* End PBXVariantGroup section */

/* Begin XCBuildConfiguration section */
		D9396955283ED00B00F45019 /* Debug */ = {
			isa = XCBuildConfiguration;
			buildSettings = {
				ALWAYS_SEARCH_USER_PATHS = NO;
				CLANG_ANALYZER_NONNULL = YES;
				CLANG_ANALYZER_NUMBER_OBJECT_CONVERSION = YES_AGGRESSIVE;
				CLANG_CXX_LANGUAGE_STANDARD = "gnu++17";
				CLANG_ENABLE_MODULES = YES;
				CLANG_ENABLE_OBJC_ARC = YES;
				CLANG_ENABLE_OBJC_WEAK = YES;
				CLANG_WARN_BLOCK_CAPTURE_AUTORELEASING = YES;
				CLANG_WARN_BOOL_CONVERSION = YES;
				CLANG_WARN_COMMA = YES;
				CLANG_WARN_CONSTANT_CONVERSION = YES;
				CLANG_WARN_DEPRECATED_OBJC_IMPLEMENTATIONS = YES;
				CLANG_WARN_DIRECT_OBJC_ISA_USAGE = YES_ERROR;
				CLANG_WARN_DOCUMENTATION_COMMENTS = YES;
				CLANG_WARN_EMPTY_BODY = YES;
				CLANG_WARN_ENUM_CONVERSION = YES;
				CLANG_WARN_INFINITE_RECURSION = YES;
				CLANG_WARN_INT_CONVERSION = YES;
				CLANG_WARN_NON_LITERAL_NULL_CONVERSION = YES;
				CLANG_WARN_OBJC_IMPLICIT_RETAIN_SELF = YES;
				CLANG_WARN_OBJC_LITERAL_CONVERSION = YES;
				CLANG_WARN_OBJC_ROOT_CLASS = YES_ERROR;
				CLANG_WARN_QUOTED_INCLUDE_IN_FRAMEWORK_HEADER = YES;
				CLANG_WARN_RANGE_LOOP_ANALYSIS = YES;
				CLANG_WARN_STRICT_PROTOTYPES = YES;
				CLANG_WARN_SUSPICIOUS_MOVE = YES;
				CLANG_WARN_UNGUARDED_AVAILABILITY = YES_AGGRESSIVE;
				CLANG_WARN_UNREACHABLE_CODE = YES;
				CLANG_WARN__DUPLICATE_METHOD_MATCH = YES;
				COPY_PHASE_STRIP = NO;
				DEBUG_INFORMATION_FORMAT = dwarf;
				ENABLE_STRICT_OBJC_MSGSEND = YES;
				ENABLE_TESTABILITY = YES;
				GCC_C_LANGUAGE_STANDARD = gnu11;
				GCC_DYNAMIC_NO_PIC = NO;
				GCC_NO_COMMON_BLOCKS = YES;
				GCC_OPTIMIZATION_LEVEL = 0;
				GCC_PREPROCESSOR_DEFINITIONS = (
					"DEBUG=1",
					"$(inherited)",
				);
				GCC_WARN_64_TO_32_BIT_CONVERSION = YES;
				GCC_WARN_ABOUT_RETURN_TYPE = YES_ERROR;
				GCC_WARN_UNDECLARED_SELECTOR = YES;
				GCC_WARN_UNINITIALIZED_AUTOS = YES_AGGRESSIVE;
				GCC_WARN_UNUSED_FUNCTION = YES;
				GCC_WARN_UNUSED_VARIABLE = YES;
				IPHONEOS_DEPLOYMENT_TARGET = 15.4;
				MTL_ENABLE_DEBUG_INFO = INCLUDE_SOURCE;
				MTL_FAST_MATH = YES;
				ONLY_ACTIVE_ARCH = YES;
				SDKROOT = iphoneos;
				SWIFT_ACTIVE_COMPILATION_CONDITIONS = DEBUG;
				SWIFT_OPTIMIZATION_LEVEL = "-Onone";
			};
			name = Debug;
		};
		D9396956283ED00B00F45019 /* Release */ = {
			isa = XCBuildConfiguration;
			buildSettings = {
				ALWAYS_SEARCH_USER_PATHS = NO;
				CLANG_ANALYZER_NONNULL = YES;
				CLANG_ANALYZER_NUMBER_OBJECT_CONVERSION = YES_AGGRESSIVE;
				CLANG_CXX_LANGUAGE_STANDARD = "gnu++17";
				CLANG_ENABLE_MODULES = YES;
				CLANG_ENABLE_OBJC_ARC = YES;
				CLANG_ENABLE_OBJC_WEAK = YES;
				CLANG_WARN_BLOCK_CAPTURE_AUTORELEASING = YES;
				CLANG_WARN_BOOL_CONVERSION = YES;
				CLANG_WARN_COMMA = YES;
				CLANG_WARN_CONSTANT_CONVERSION = YES;
				CLANG_WARN_DEPRECATED_OBJC_IMPLEMENTATIONS = YES;
				CLANG_WARN_DIRECT_OBJC_ISA_USAGE = YES_ERROR;
				CLANG_WARN_DOCUMENTATION_COMMENTS = YES;
				CLANG_WARN_EMPTY_BODY = YES;
				CLANG_WARN_ENUM_CONVERSION = YES;
				CLANG_WARN_INFINITE_RECURSION = YES;
				CLANG_WARN_INT_CONVERSION = YES;
				CLANG_WARN_NON_LITERAL_NULL_CONVERSION = YES;
				CLANG_WARN_OBJC_IMPLICIT_RETAIN_SELF = YES;
				CLANG_WARN_OBJC_LITERAL_CONVERSION = YES;
				CLANG_WARN_OBJC_ROOT_CLASS = YES_ERROR;
				CLANG_WARN_QUOTED_INCLUDE_IN_FRAMEWORK_HEADER = YES;
				CLANG_WARN_RANGE_LOOP_ANALYSIS = YES;
				CLANG_WARN_STRICT_PROTOTYPES = YES;
				CLANG_WARN_SUSPICIOUS_MOVE = YES;
				CLANG_WARN_UNGUARDED_AVAILABILITY = YES_AGGRESSIVE;
				CLANG_WARN_UNREACHABLE_CODE = YES;
				CLANG_WARN__DUPLICATE_METHOD_MATCH = YES;
				COPY_PHASE_STRIP = NO;
				DEBUG_INFORMATION_FORMAT = "dwarf-with-dsym";
				ENABLE_NS_ASSERTIONS = NO;
				ENABLE_STRICT_OBJC_MSGSEND = YES;
				GCC_C_LANGUAGE_STANDARD = gnu11;
				GCC_NO_COMMON_BLOCKS = YES;
				GCC_WARN_64_TO_32_BIT_CONVERSION = YES;
				GCC_WARN_ABOUT_RETURN_TYPE = YES_ERROR;
				GCC_WARN_UNDECLARED_SELECTOR = YES;
				GCC_WARN_UNINITIALIZED_AUTOS = YES_AGGRESSIVE;
				GCC_WARN_UNUSED_FUNCTION = YES;
				GCC_WARN_UNUSED_VARIABLE = YES;
				IPHONEOS_DEPLOYMENT_TARGET = 15.4;
				MTL_ENABLE_DEBUG_INFO = NO;
				MTL_FAST_MATH = YES;
				SDKROOT = iphoneos;
				SWIFT_COMPILATION_MODE = wholemodule;
				SWIFT_OPTIMIZATION_LEVEL = "-O";
				VALIDATE_PRODUCT = YES;
			};
			name = Release;
		};
		D9396958283ED00B00F45019 /* Debug */ = {
			isa = XCBuildConfiguration;
			baseConfigurationReference = 782154F4A5F765D94CF2D149 /* Pods-AlamofireMarvel.debug.xcconfig */;
			buildSettings = {
				ASSETCATALOG_COMPILER_APPICON_NAME = AppIcon;
				ASSETCATALOG_COMPILER_GLOBAL_ACCENT_COLOR_NAME = AccentColor;
				CODE_SIGN_STYLE = Automatic;
				CURRENT_PROJECT_VERSION = 1;
				DEVELOPMENT_TEAM = XK82N983EZ;
				GENERATE_INFOPLIST_FILE = YES;
				INFOPLIST_FILE = AlamofireMarvel/Resources/Info.plist;
				INFOPLIST_KEY_UIApplicationSupportsIndirectInputEvents = YES;
				INFOPLIST_KEY_UILaunchStoryboardName = LaunchScreen;
				INFOPLIST_KEY_UIMainStoryboardFile = Main;
				INFOPLIST_KEY_UISupportedInterfaceOrientations_iPad = "UIInterfaceOrientationPortrait UIInterfaceOrientationPortraitUpsideDown UIInterfaceOrientationLandscapeLeft UIInterfaceOrientationLandscapeRight";
				INFOPLIST_KEY_UISupportedInterfaceOrientations_iPhone = "UIInterfaceOrientationPortrait UIInterfaceOrientationLandscapeLeft UIInterfaceOrientationLandscapeRight";
				LD_RUNPATH_SEARCH_PATHS = (
					"$(inherited)",
					"@executable_path/Frameworks",
				);
				MARKETING_VERSION = 1.0;
				PRODUCT_BUNDLE_IDENTIFIER = bagmet.AlamofireMarvel;
				PRODUCT_NAME = "$(TARGET_NAME)";
				SWIFT_EMIT_LOC_STRINGS = YES;
				SWIFT_VERSION = 5.0;
				TARGETED_DEVICE_FAMILY = "1,2";
			};
			name = Debug;
		};
		D9396959283ED00B00F45019 /* Release */ = {
			isa = XCBuildConfiguration;
			baseConfigurationReference = 78DFC95DB31DC46C566E8F27 /* Pods-AlamofireMarvel.release.xcconfig */;
			buildSettings = {
				ASSETCATALOG_COMPILER_APPICON_NAME = AppIcon;
				ASSETCATALOG_COMPILER_GLOBAL_ACCENT_COLOR_NAME = AccentColor;
				CODE_SIGN_STYLE = Automatic;
				CURRENT_PROJECT_VERSION = 1;
				DEVELOPMENT_TEAM = XK82N983EZ;
				GENERATE_INFOPLIST_FILE = YES;
				INFOPLIST_FILE = AlamofireMarvel/Resources/Info.plist;
				INFOPLIST_KEY_UIApplicationSupportsIndirectInputEvents = YES;
				INFOPLIST_KEY_UILaunchStoryboardName = LaunchScreen;
				INFOPLIST_KEY_UIMainStoryboardFile = Main;
				INFOPLIST_KEY_UISupportedInterfaceOrientations_iPad = "UIInterfaceOrientationPortrait UIInterfaceOrientationPortraitUpsideDown UIInterfaceOrientationLandscapeLeft UIInterfaceOrientationLandscapeRight";
				INFOPLIST_KEY_UISupportedInterfaceOrientations_iPhone = "UIInterfaceOrientationPortrait UIInterfaceOrientationLandscapeLeft UIInterfaceOrientationLandscapeRight";
				LD_RUNPATH_SEARCH_PATHS = (
					"$(inherited)",
					"@executable_path/Frameworks",
				);
				MARKETING_VERSION = 1.0;
				PRODUCT_BUNDLE_IDENTIFIER = bagmet.AlamofireMarvel;
				PRODUCT_NAME = "$(TARGET_NAME)";
				SWIFT_EMIT_LOC_STRINGS = YES;
				SWIFT_VERSION = 5.0;
				TARGETED_DEVICE_FAMILY = "1,2";
			};
			name = Release;
		};
		D939695B283ED00B00F45019 /* Debug */ = {
			isa = XCBuildConfiguration;
			baseConfigurationReference = 4536CBF1E80822A500526D8E /* Pods-AlamofireMarvelTests.debug.xcconfig */;
			buildSettings = {
				ALWAYS_EMBED_SWIFT_STANDARD_LIBRARIES = YES;
				BUNDLE_LOADER = "$(TEST_HOST)";
				CODE_SIGN_STYLE = Automatic;
				CURRENT_PROJECT_VERSION = 1;
				DEVELOPMENT_TEAM = XK82N983EZ;
				GENERATE_INFOPLIST_FILE = YES;
				IPHONEOS_DEPLOYMENT_TARGET = 15.4;
				MARKETING_VERSION = 1.0;
				PRODUCT_BUNDLE_IDENTIFIER = bagmet.AlamofireMarvelTests;
				PRODUCT_NAME = "$(TARGET_NAME)";
				SWIFT_EMIT_LOC_STRINGS = NO;
				SWIFT_VERSION = 5.0;
				TARGETED_DEVICE_FAMILY = "1,2";
				TEST_HOST = "$(BUILT_PRODUCTS_DIR)/AlamofireMarvel.app/AlamofireMarvel";
			};
			name = Debug;
		};
		D939695C283ED00B00F45019 /* Release */ = {
			isa = XCBuildConfiguration;
			baseConfigurationReference = E0FDFB413C9E78A18CE2B2A1 /* Pods-AlamofireMarvelTests.release.xcconfig */;
			buildSettings = {
				ALWAYS_EMBED_SWIFT_STANDARD_LIBRARIES = YES;
				BUNDLE_LOADER = "$(TEST_HOST)";
				CODE_SIGN_STYLE = Automatic;
				CURRENT_PROJECT_VERSION = 1;
				DEVELOPMENT_TEAM = XK82N983EZ;
				GENERATE_INFOPLIST_FILE = YES;
				IPHONEOS_DEPLOYMENT_TARGET = 15.4;
				MARKETING_VERSION = 1.0;
				PRODUCT_BUNDLE_IDENTIFIER = bagmet.AlamofireMarvelTests;
				PRODUCT_NAME = "$(TARGET_NAME)";
				SWIFT_EMIT_LOC_STRINGS = NO;
				SWIFT_VERSION = 5.0;
				TARGETED_DEVICE_FAMILY = "1,2";
				TEST_HOST = "$(BUILT_PRODUCTS_DIR)/AlamofireMarvel.app/AlamofireMarvel";
			};
			name = Release;
		};
		D939695E283ED00B00F45019 /* Debug */ = {
			isa = XCBuildConfiguration;
			baseConfigurationReference = 066B1658B5150EF40337D938 /* Pods-AlamofireMarvel-AlamofireMarvelUITests.debug.xcconfig */;
			buildSettings = {
				ALWAYS_EMBED_SWIFT_STANDARD_LIBRARIES = YES;
				CODE_SIGN_STYLE = Automatic;
				CURRENT_PROJECT_VERSION = 1;
				DEVELOPMENT_TEAM = XK82N983EZ;
				GENERATE_INFOPLIST_FILE = YES;
				MARKETING_VERSION = 1.0;
				PRODUCT_BUNDLE_IDENTIFIER = bagmet.AlamofireMarvelUITests;
				PRODUCT_NAME = "$(TARGET_NAME)";
				SWIFT_EMIT_LOC_STRINGS = NO;
				SWIFT_VERSION = 5.0;
				TARGETED_DEVICE_FAMILY = "1,2";
				TEST_TARGET_NAME = AlamofireMarvel;
			};
			name = Debug;
		};
		D939695F283ED00B00F45019 /* Release */ = {
			isa = XCBuildConfiguration;
			baseConfigurationReference = 7911F80A8081F0298B40ECC1 /* Pods-AlamofireMarvel-AlamofireMarvelUITests.release.xcconfig */;
			buildSettings = {
				ALWAYS_EMBED_SWIFT_STANDARD_LIBRARIES = YES;
				CODE_SIGN_STYLE = Automatic;
				CURRENT_PROJECT_VERSION = 1;
				DEVELOPMENT_TEAM = XK82N983EZ;
				GENERATE_INFOPLIST_FILE = YES;
				MARKETING_VERSION = 1.0;
				PRODUCT_BUNDLE_IDENTIFIER = bagmet.AlamofireMarvelUITests;
				PRODUCT_NAME = "$(TARGET_NAME)";
				SWIFT_EMIT_LOC_STRINGS = NO;
				SWIFT_VERSION = 5.0;
				TARGETED_DEVICE_FAMILY = "1,2";
				TEST_TARGET_NAME = AlamofireMarvel;
			};
			name = Release;
		};
/* End XCBuildConfiguration section */

/* Begin XCConfigurationList section */
		D9396928283ED00A00F45019 /* Build configuration list for PBXProject "AlamofireMarvel" */ = {
			isa = XCConfigurationList;
			buildConfigurations = (
				D9396955283ED00B00F45019 /* Debug */,
				D9396956283ED00B00F45019 /* Release */,
			);
			defaultConfigurationIsVisible = 0;
			defaultConfigurationName = Release;
		};
		D9396957283ED00B00F45019 /* Build configuration list for PBXNativeTarget "AlamofireMarvel" */ = {
			isa = XCConfigurationList;
			buildConfigurations = (
				D9396958283ED00B00F45019 /* Debug */,
				D9396959283ED00B00F45019 /* Release */,
			);
			defaultConfigurationIsVisible = 0;
			defaultConfigurationName = Release;
		};
		D939695A283ED00B00F45019 /* Build configuration list for PBXNativeTarget "AlamofireMarvelTests" */ = {
			isa = XCConfigurationList;
			buildConfigurations = (
				D939695B283ED00B00F45019 /* Debug */,
				D939695C283ED00B00F45019 /* Release */,
			);
			defaultConfigurationIsVisible = 0;
			defaultConfigurationName = Release;
		};
		D939695D283ED00B00F45019 /* Build configuration list for PBXNativeTarget "AlamofireMarvelUITests" */ = {
			isa = XCConfigurationList;
			buildConfigurations = (
				D939695E283ED00B00F45019 /* Debug */,
				D939695F283ED00B00F45019 /* Release */,
			);
			defaultConfigurationIsVisible = 0;
			defaultConfigurationName = Release;
		};
/* End XCConfigurationList section */
	};
	rootObject = D9396925283ED00A00F45019 /* Project object */;
}
